dependencies:
- name: blockscout-stack
  repository: file://../blockscout-stack
  version: 2.0.4
- name: smart-contract-verification
  repository: file://../smart-contract-verification
  version: 0.1.2
digest: sha256:864e76d92664d700cb1f5408d5008eabe1ccd0454cdcf83a4961a9923488f314
generated: "2025-04-01T22:56:15.075947+02:00"
