dependencies:
- name: blockscout-stack
  repository: file://../blockscout-stack
  version: 2.0.3
- name: smart-contract-verification
  repository: file://../smart-contract-verification
  version: 0.1.1
digest: sha256:2745da66c0c9c41a061fc6494dbbf4c1e67333b5cd852f4f109d7fe7ead1d802
generated: "2025-04-01T17:02:36.862249+02:00"
