dependencies:
- name: blockscout-stack
  repository: file://../blockscout-stack
  version: 2.0.6
- name: smart-contract-verification
  repository: file://../smart-contract-verification
  version: 0.1.3
digest: sha256:33bcba2de087056a479dd9d48c028864ceeaec3e4bff0350030defb5f6145ab4
generated: "2025-04-04T13:03:44.498826+02:00"
